// !$*UTF8*$!
{
	archiveVersion = 1;
	classes = {
	};
	objectVersion = 50;
	objects = {

/* Begin PBXBuildFile section */
		961485CC20E834B7009C9076 /* main.cpp in Sources */ = {isa = PBXBuildFile; fileRef = 9644903720E826550053C45C /* main.cpp */; };
/* End PBXBuildFile section */

/* Begin PBXCopyFilesBuildPhase section */
		9644903220E826550053C45C /* CopyFiles */ = {
			isa = PBXCopyFilesBuildPhase;
			buildActionMask = 2147483647;
			dstPath = /usr/share/man/man1/;
			dstSubfolderSpec = 0;
			files = (
			);
			runOnlyForDeploymentPostprocessing = 1;
		};
/* End PBXCopyFilesBuildPhase section */

/* Begin PBXFileReference section */
		961485D320E83595009C9076 /* Game.h */ = {isa = PBXFileReference; lastKnownFileType = sourcecode.c.h; path = Game.h; sourceTree = "<group>"; };
		961485D420E83744009C9076 /* GameCPP.h */ = {isa = PBXFileReference; lastKnownFileType = sourcecode.c.h; path = GameCPP.h; sourceTree = "<group>"; };
		961485D520E83D6B009C9076 /* Character.h */ = {isa = PBXFileReference; lastKnownFileType = sourcecode.c.h; path = Character.h; sourceTree = "<group>"; };
		961485D620E83D7B009C9076 /* CharacterCPP.h */ = {isa = PBXFileReference; lastKnownFileType = sourcecode.c.h; path = CharacterCPP.h; sourceTree = "<group>"; };
		961485EA20F5652C009C9076 /* Item.h */ = {isa = PBXFileReference; lastKnownFileType = sourcecode.c.h; path = Item.h; sourceTree = "<group>"; };
		961485EB20F56539009C9076 /* ItemCPP.h */ = {isa = PBXFileReference; lastKnownFileType = sourcecode.c.h; path = ItemCPP.h; sourceTree = "<group>"; };
		961485EC20F565E2009C9076 /* Inventory.h */ = {isa = PBXFileReference; lastKnownFileType = sourcecode.c.h; path = Inventory.h; sourceTree = "<group>"; };
		961485ED20F565EE009C9076 /* InventoryCPP.h */ = {isa = PBXFileReference; lastKnownFileType = sourcecode.c.h; path = InventoryCPP.h; sourceTree = "<group>"; };
		961485EE21006178009C9076 /* Weapon.h */ = {isa = PBXFileReference; lastKnownFileType = sourcecode.c.h; path = Weapon.h; sourceTree = "<group>"; };
		961485EF2100618F009C9076 /* WeaponCPP.h */ = {isa = PBXFileReference; lastKnownFileType = sourcecode.c.h; path = WeaponCPP.h; sourceTree = "<group>"; };
		961485F02100619F009C9076 /* Armor.h */ = {isa = PBXFileReference; lastKnownFileType = sourcecode.c.h; path = Armor.h; sourceTree = "<group>"; };
		961485F1210061AA009C9076 /* ArmorCPP.h */ = {isa = PBXFileReference; lastKnownFileType = sourcecode.c.h; path = ArmorCPP.h; sourceTree = "<group>"; };
		9644129621179A6200312810 /* EnemyCPP.h */ = {isa = PBXFileReference; lastKnownFileType = sourcecode.c.h; path = EnemyCPP.h; sourceTree = "<group>"; };
		9644129721179A6E00312810 /* Enemy.h */ = {isa = PBXFileReference; lastKnownFileType = sourcecode.c.h; path = Enemy.h; sourceTree = "<group>"; };
		9644129821191FD900312810 /* EventCPP.h */ = {isa = PBXFileReference; lastKnownFileType = sourcecode.c.h; path = EventCPP.h; sourceTree = "<group>"; };
		9644129921191FE200312810 /* Event.h */ = {isa = PBXFileReference; lastKnownFileType = sourcecode.c.h; path = Event.h; sourceTree = "<group>"; };
		9644129A21191FEB00312810 /* Puzzle.h */ = {isa = PBXFileReference; lastKnownFileType = sourcecode.c.h; path = Puzzle.h; sourceTree = "<group>"; };
		9644129B21191FF900312810 /* PuzzleCPP.h */ = {isa = PBXFileReference; lastKnownFileType = sourcecode.c.h; path = PuzzleCPP.h; sourceTree = "<group>"; };
		9644903420E826550053C45C /* Game_RPG */ = {isa = PBXFileReference; explicitFileType = "compiled.mach-o.executable"; includeInIndex = 0; path = Game_RPG; sourceTree = BUILT_PRODUCTS_DIR; };
		9644903720E826550053C45C /* main.cpp */ = {isa = PBXFileReference; lastKnownFileType = sourcecode.cpp.cpp; path = main.cpp; sourceTree = "<group>"; };
		9644903E20E826C20053C45C /* Functions.h */ = {isa = PBXFileReference; lastKnownFileType = sourcecode.c.h; path = Functions.h; sourceTree = "<group>"; };
/* End PBXFileReference section */

/* Begin PBXFrameworksBuildPhase section */
		9644903120E826550053C45C /* Frameworks */ = {
			isa = PBXFrameworksBuildPhase;
			buildActionMask = 2147483647;
			files = (
			);
			runOnlyForDeploymentPostprocessing = 0;
		};
/* End PBXFrameworksBuildPhase section */

/* Begin PBXGroup section */
		9644902B20E826550053C45C = {
			isa = PBXGroup;
			children = (
				9644903620E826550053C45C /* Game_RPG */,
				9644903520E826550053C45C /* Products */,
			);
			sourceTree = "<group>";
		};
		9644903520E826550053C45C /* Products */ = {
			isa = PBXGroup;
			children = (
				9644903420E826550053C45C /* Game_RPG */,
			);
			name = Products;
			sourceTree = "<group>";
		};
		9644903620E826550053C45C /* Game_RPG */ = {
			isa = PBXGroup;
			children = (
				9644903720E826550053C45C /* main.cpp */,
				961485D520E83D6B009C9076 /* Character.h */,
				961485D620E83D7B009C9076 /* CharacterCPP.h */,
				9644903E20E826C20053C45C /* Functions.h */,
				961485D320E83595009C9076 /* Game.h */,
				961485D420E83744009C9076 /* GameCPP.h */,
				9644129921191FE200312810 /* Event.h */,
				9644129821191FD900312810 /* EventCPP.h */,
				9644129A21191FEB00312810 /* Puzzle.h */,
				9644129B21191FF900312810 /* PuzzleCPP.h */,
				961485EA20F5652C009C9076 /* Item.h */,
				961485EB20F56539009C9076 /* ItemCPP.h */,
				961485EC20F565E2009C9076 /* Inventory.h */,
				961485ED20F565EE009C9076 /* InventoryCPP.h */,
				961485EE21006178009C9076 /* Weapon.h */,
				961485EF2100618F009C9076 /* WeaponCPP.h */,
				961485F02100619F009C9076 /* Armor.h */,
				961485F1210061AA009C9076 /* ArmorCPP.h */,
				9644129621179A6200312810 /* EnemyCPP.h */,
				9644129721179A6E00312810 /* Enemy.h */,
			);
			path = Game_RPG;
			sourceTree = "<group>";
		};
/* End PBXGroup section */

/* Begin PBXNativeTarget section */
		9644903320E826550053C45C /* Game_RPG */ = {
			isa = PBXNativeTarget;
			buildConfigurationList = 9644903B20E826550053C45C /* Build configuration list for PBXNativeTarget "Game_RPG" */;
			buildPhases = (
				9644903020E826550053C45C /* Sources */,
				9644903120E826550053C45C /* Frameworks */,
				9644903220E826550053C45C /* CopyFiles */,
			);
			buildRules = (
			);
			dependencies = (
			);
			name = Game_RPG;
			productName = Game_RPG;
			productReference = 9644903420E826550053C45C /* Game_RPG */;
			productType = "com.apple.product-type.tool";
		};
/* End PBXNativeTarget section */

/* Begin PBXProject section */
		9644902C20E826550053C45C /* Project object */ = {
			isa = PBXProject;
			attributes = {
				LastUpgradeCheck = 0940;
				ORGANIZATIONNAME = "Eric Liang";
				TargetAttributes = {
					9644903320E826550053C45C = {
						CreatedOnToolsVersion = 9.4;
					};
				};
			};
			buildConfigurationList = 9644902F20E826550053C45C /* Build configuration list for PBXProject "Game_RPG" */;
			compatibilityVersion = "Xcode 9.3";
			developmentRegion = en;
			hasScannedForEncodings = 0;
			knownRegions = (
				en,
			);
			mainGroup = 9644902B20E826550053C45C;
			productRefGroup = 9644903520E826550053C45C /* Products */;
			projectDirPath = "";
			projectRoot = "";
			targets = (
				9644903320E826550053C45C /* Game_RPG */,
			);
		};
/* End PBXProject section */

/* Begin PBXSourcesBuildPhase section */
		9644903020E826550053C45C /* Sources */ = {
			isa = PBXSourcesBuildPhase;
			buildActionMask = 2147483647;
			files = (
				961485CC20E834B7009C9076 /* main.cpp in Sources */,
			);
			runOnlyForDeploymentPostprocessing = 0;
		};
/* End PBXSourcesBuildPhase section */

/* Begin XCBuildConfiguration section */
		9644903920E826550053C45C /* Debug */ = {
			isa = XCBuildConfiguration;
			buildSettings = {
				ALWAYS_SEARCH_USER_PATHS = NO;
				ARCHS = "$(ARCHS_STANDARD)";
				CLANG_ANALYZER_NONNULL = YES;
				CLANG_ANALYZER_NUMBER_OBJECT_CONVERSION = YES_AGGRESSIVE;
				CLANG_CXX_LANGUAGE_STANDARD = "gnu++14";
				CLANG_CXX_LIBRARY = "libc++";
				CLANG_ENABLE_MODULES = YES;
				CLANG_ENABLE_OBJC_ARC = YES;
				CLANG_ENABLE_OBJC_WEAK = YES;
				CLANG_WARN_BLOCK_CAPTURE_AUTORELEASING = YES;
				CLANG_WARN_BOOL_CONVERSION = YES;
				CLANG_WARN_COMMA = YES;
				CLANG_WARN_CONSTANT_CONVERSION = YES;
				CLANG_WARN_DEPRECATED_OBJC_IMPLEMENTATIONS = YES;
				CLANG_WARN_DIRECT_OBJC_ISA_USAGE = YES_ERROR;
				CLANG_WARN_DOCUMENTATION_COMMENTS = YES;
				CLANG_WARN_EMPTY_BODY = YES;
				CLANG_WARN_ENUM_CONVERSION = YES;
				CLANG_WARN_INFINITE_RECURSION = YES;
				CLANG_WARN_INT_CONVERSION = YES;
				CLANG_WARN_NON_LITERAL_NULL_CONVERSION = YES;
				CLANG_WARN_OBJC_IMPLICIT_RETAIN_SELF = YES;
				CLANG_WARN_OBJC_LITERAL_CONVERSION = YES;
				CLANG_WARN_OBJC_ROOT_CLASS = YES_ERROR;
				CLANG_WARN_RANGE_LOOP_ANALYSIS = YES;
				CLANG_WARN_STRICT_PROTOTYPES = YES;
				CLANG_WARN_SUSPICIOUS_MOVE = YES;
				CLANG_WARN_UNGUARDED_AVAILABILITY = YES_AGGRESSIVE;
				CLANG_WARN_UNREACHABLE_CODE = YES;
				CLANG_WARN__DUPLICATE_METHOD_MATCH = YES;
				CODE_SIGN_IDENTITY = "-";
				COPY_PHASE_STRIP = NO;
				DEBUG_INFORMATION_FORMAT = dwarf;
				ENABLE_STRICT_OBJC_MSGSEND = YES;
				ENABLE_TESTABILITY = YES;
				GCC_C_LANGUAGE_STANDARD = gnu11;
				GCC_DYNAMIC_NO_PIC = NO;
				GCC_NO_COMMON_BLOCKS = YES;
				GCC_OPTIMIZATION_LEVEL = 0;
				GCC_PREPROCESSOR_DEFINITIONS = (
					"DEBUG=1",
					"$(inherited)",
				);
				GCC_WARN_64_TO_32_BIT_CONVERSION = YES;
				GCC_WARN_ABOUT_RETURN_TYPE = YES_ERROR;
				GCC_WARN_UNDECLARED_SELECTOR = YES;
				GCC_WARN_UNINITIALIZED_AUTOS = YES_AGGRESSIVE;
				GCC_WARN_UNUSED_FUNCTION = YES;
				GCC_WARN_UNUSED_VARIABLE = YES;
				MACOSX_DEPLOYMENT_TARGET = 10.13;
				MTL_ENABLE_DEBUG_INFO = YES;
				ONLY_ACTIVE_ARCH = YES;
				SDKROOT = macosx;
			};
			name = Debug;
		};
		9644903A20E826550053C45C /* Release */ = {
			isa = XCBuildConfiguration;
			buildSettings = {
				ALWAYS_SEARCH_USER_PATHS = NO;
				ARCHS = "$(ARCHS_STANDARD)";
				CLANG_ANALYZER_NONNULL = YES;
				CLANG_ANALYZER_NUMBER_OBJECT_CONVERSION = YES_AGGRESSIVE;
				CLANG_CXX_LANGUAGE_STANDARD = "gnu++14";
				CLANG_CXX_LIBRARY = "libc++";
				CLANG_ENABLE_MODULES = YES;
				CLANG_ENABLE_OBJC_ARC = YES;
				CLANG_ENABLE_OBJC_WEAK = YES;
				CLANG_WARN_BLOCK_CAPTURE_AUTORELEASING = YES;
				CLANG_WARN_BOOL_CONVERSION = YES;
				CLANG_WARN_COMMA = YES;
				CLANG_WARN_CONSTANT_CONVERSION = YES;
				CLANG_WARN_DEPRECATED_OBJC_IMPLEMENTATIONS = YES;
				CLANG_WARN_DIRECT_OBJC_ISA_USAGE = YES_ERROR;
				CLANG_WARN_DOCUMENTATION_COMMENTS = YES;
				CLANG_WARN_EMPTY_BODY = YES;
				CLANG_WARN_ENUM_CONVERSION = YES;
				CLANG_WARN_INFINITE_RECURSION = YES;
				CLANG_WARN_INT_CONVERSION = YES;
				CLANG_WARN_NON_LITERAL_NULL_CONVERSION = YES;
				CLANG_WARN_OBJC_IMPLICIT_RETAIN_SELF = YES;
				CLANG_WARN_OBJC_LITERAL_CONVERSION = YES;
				CLANG_WARN_OBJC_ROOT_CLASS = YES_ERROR;
				CLANG_WARN_RANGE_LOOP_ANALYSIS = YES;
				CLANG_WARN_STRICT_PROTOTYPES = YES;
				CLANG_WARN_SUSPICIOUS_MOVE = YES;
				CLANG_WARN_UNGUARDED_AVAILABILITY = YES_AGGRESSIVE;
				CLANG_WARN_UNREACHABLE_CODE = YES;
				CLANG_WARN__DUPLICATE_METHOD_MATCH = YES;
				CODE_SIGN_IDENTITY = "-";
				COPY_PHASE_STRIP = NO;
				DEBUG_INFORMATION_FORMAT = "dwarf-with-dsym";
				ENABLE_NS_ASSERTIONS = NO;
				ENABLE_STRICT_OBJC_MSGSEND = YES;
				GCC_C_LANGUAGE_STANDARD = gnu11;
				GCC_NO_COMMON_BLOCKS = YES;
				GCC_WARN_64_TO_32_BIT_CONVERSION = YES;
				GCC_WARN_ABOUT_RETURN_TYPE = YES_ERROR;
				GCC_WARN_UNDECLARED_SELECTOR = YES;
				GCC_WARN_UNINITIALIZED_AUTOS = YES_AGGRESSIVE;
				GCC_WARN_UNUSED_FUNCTION = YES;
				GCC_WARN_UNUSED_VARIABLE = YES;
				MACOSX_DEPLOYMENT_TARGET = 10.13;
				MTL_ENABLE_DEBUG_INFO = NO;
				SDKROOT = macosx;
			};
			name = Release;
		};
		9644903C20E826550053C45C /* Debug */ = {
			isa = XCBuildConfiguration;
			buildSettings = {
				CODE_SIGN_STYLE = Automatic;
				PRODUCT_NAME = "$(TARGET_NAME)";
			};
			name = Debug;
		};
		9644903D20E826550053C45C /* Release */ = {
			isa = XCBuildConfiguration;
			buildSettings = {
				CODE_SIGN_STYLE = Automatic;
				PRODUCT_NAME = "$(TARGET_NAME)";
			};
			name = Release;
		};
/* End XCBuildConfiguration section */

/* Begin XCConfigurationList section */
		9644902F20E826550053C45C /* Build configuration list for PBXProject "Game_RPG" */ = {
			isa = XCConfigurationList;
			buildConfigurations = (
				9644903920E826550053C45C /* Debug */,
				9644903A20E826550053C45C /* Release */,
			);
			defaultConfigurationIsVisible = 0;
			defaultConfigurationName = Release;
		};
		9644903B20E826550053C45C /* Build configuration list for PBXNativeTarget "Game_RPG" */ = {
			isa = XCConfigurationList;
			buildConfigurations = (
				9644903C20E826550053C45C /* Debug */,
				9644903D20E826550053C45C /* Release */,
			);
			defaultConfigurationIsVisible = 0;
			defaultConfigurationName = Release;
		};
/* End XCConfigurationList section */
	};
	rootObject = 9644902C20E826550053C45C /* Project object */;
}
